
Microsoft Visual Studio Solution File, Format Version 12.00
Project("{FAE04EC0-301F-11D3-BF4B-00C04F79EFBC}") = "testDependencyInversionPrinciple", "testDependencyInversionPrinciple\testDependencyInversionPrinciple.csproj", "{4551F7B1-4332-49D0-B1ED-DAE7AD8BA8BF}"
EndProject
Project("{FAE04EC0-301F-11D3-BF4B-00C04F79EFBC}") = "TestProject1", "TestProject1\TestProject1.csproj", "{E87CC49A-5EA2-46B5-BA6F-4C783ACF1546}"
EndProject
Global
	GlobalSection(SolutionConfigurationPlatforms) = preSolution
		Debug|Any CPU = Debug|Any CPU
		Release|Any CPU = Release|Any CPU
	EndGlobalSection
	GlobalSection(ProjectConfigurationPlatforms) = postSolution
		{4551F7B1-4332-49D0-B1ED-DAE7AD8BA8BF}.Debug|Any CPU.ActiveCfg = Debug|Any CPU
		{4551F7B1-4332-49D0-B1ED-DAE7AD8BA8BF}.Debug|Any CPU.Build.0 = Debug|Any CPU
		{4551F7B1-4332-49D0-B1ED-DAE7AD8BA8BF}.Release|Any CPU.ActiveCfg = Release|Any CPU
		{4551F7B1-4332-49D0-B1ED-DAE7AD8BA8BF}.Release|Any CPU.Build.0 = Release|Any CPU
		{E87CC49A-5EA2-46B5-BA6F-4C783ACF1546}.Debug|Any CPU.ActiveCfg = Debug|Any CPU
		{E87CC49A-5EA2-46B5-BA6F-4C783ACF1546}.Debug|Any CPU.Build.0 = Debug|Any CPU
		{E87CC49A-5EA2-46B5-BA6F-4C783ACF1546}.Release|Any CPU.ActiveCfg = Release|Any CPU
		{E87CC49A-5EA2-46B5-BA6F-4C783ACF1546}.Release|Any CPU.Build.0 = Release|Any CPU
	EndGlobalSection
EndGlobal
